{
  "version": 4,
  "terraform_version": "1.7.4",
  "serial": 18,
  "lineage": "da7090b4-d945-b1dc-99a6-c408980d6711",
  "outputs": {
    "terraform_first_url": {
      "value": "https://github.com/bhushannikam12/first_repo_from_terraform",
      "type": "string"
    }
  },
  "resources": [
    {
      "mode": "managed",
      "type": "github_repository",
      "name": "terraform_first_repo",
      "provider": "provider[\"registry.terraform.io/hashicorp/github\"]",
      "instances": [
        {
          "schema_version": 1,
          "attributes": {
            "allow_auto_merge": false,
            "allow_merge_commit": true,
            "allow_rebase_merge": true,
            "allow_squash_merge": true,
            "allow_update_branch": false,
            "archive_on_destroy": null,
            "archived": false,
            "auto_init": true,
            "default_branch": "main",
            "delete_branch_on_merge": false,
            "description": "created using terraform",
            "etag": "W/\"e68c715eaf9a3a637efbcd35193ab883bd75039100a0eda6d85be2ab6484d01e\"",
            "full_name": "bhushannikam12/first_repo_from_terraform",
            "git_clone_url": "git://github.com/bhushannikam12/first_repo_from_terraform.git",
            "gitignore_template": null,
            "has_discussions": false,
            "has_downloads": false,
            "has_issues": false,
            "has_projects": false,
            "has_wiki": false,
            "homepage_url": "",
            "html_url": "https://github.com/bhushannikam12/first_repo_from_terraform",
            "http_clone_url": "https://github.com/bhushannikam12/first_repo_from_terraform.git",
            "id": "first_repo_from_terraform",
            "ignore_vulnerability_alerts_during_read": null,
            "is_template": false,
            "license_template": null,
            "merge_commit_message": "PR_TITLE",
            "merge_commit_title": "MERGE_MESSAGE",
            "name": "first_repo_from_terraform",
            "node_id": "R_kgDOLhjSjw",
            "pages": [],
            "primary_language": "",
            "private": false,
            "repo_id": 773378703,
            "security_and_analysis": [
              {
                "advanced_security": [],
                "secret_scanning": [
                  {
                    "status": "enabled"
                  }
                ],
                "secret_scanning_push_protection": [
                  {
                    "status": "enabled"
                  }
                ]
              }
            ],
            "squash_merge_commit_message": "COMMIT_MESSAGES",
            "squash_merge_commit_title": "COMMIT_OR_PR_TITLE",
            "ssh_clone_url": "git@github.com:bhushannikam12/first_repo_from_terraform.git",
            "svn_url": "https://github.com/bhushannikam12/first_repo_from_terraform",
            "template": [],
            "topics": [],
            "visibility": "public",
            "vulnerability_alerts": false,
            "web_commit_signoff_required": false
          },
          "sensitive_attributes": [],
          "private": "eyJzY2hlbWFfdmVyc2lvbiI6IjEifQ=="
        }
      ]
    },
    {
      "mode": "managed",
      "type": "github_repository",
      "name": "terraform_second_repo",
      "provider": "provider[\"registry.terraform.io/hashicorp/github\"]",
      "instances": [
        {
          "schema_version": 1,
          "attributes": {
            "allow_auto_merge": false,
            "allow_merge_commit": true,
            "allow_rebase_merge": true,
            "allow_squash_merge": true,
            "allow_update_branch": false,
            "archive_on_destroy": null,
            "archived": false,
            "auto_init": true,
            "default_branch": "main",
            "delete_branch_on_merge": false,
            "description": "created using terraform",
            "etag": "W/\"8c888529a1c7881a26aa0783a5d457cfe5624a3f0f4e185c1ccc9a7ae487a59d\"",
            "full_name": "bhushannikam12/second_repo_from_terraform",
            "git_clone_url": "git://github.com/bhushannikam12/second_repo_from_terraform.git",
            "gitignore_template": null,
            "has_discussions": false,
            "has_downloads": false,
            "has_issues": false,
            "has_projects": false,
            "has_wiki": false,
            "homepage_url": "",
            "html_url": "https://github.com/bhushannikam12/second_repo_from_terraform",
            "http_clone_url": "https://github.com/bhushannikam12/second_repo_from_terraform.git",
            "id": "second_repo_from_terraform",
            "ignore_vulnerability_alerts_during_read": null,
            "is_template": false,
            "license_template": null,
            "merge_commit_message": "PR_TITLE",
            "merge_commit_title": "MERGE_MESSAGE",
            "name": "second_repo_from_terraform",
            "node_id": "R_kgDOLhjSlw",
            "pages": [],
            "primary_language": "",
            "private": false,
            "repo_id": 773378711,
            "security_and_analysis": [
              {
                "advanced_security": [],
                "secret_scanning": [
                  {
                    "status": "enabled"
                  }
                ],
                "secret_scanning_push_protection": [
                  {
                    "status": "enabled"
                  }
                ]
              }
            ],
            "squash_merge_commit_message": "COMMIT_MESSAGES",
            "squash_merge_commit_title": "COMMIT_OR_PR_TITLE",
            "ssh_clone_url": "git@github.com:bhushannikam12/second_repo_from_terraform.git",
            "svn_url": "https://github.com/bhushannikam12/second_repo_from_terraform",
            "template": [],
            "topics": [],
            "visibility": "public",
            "vulnerability_alerts": false,
            "web_commit_signoff_required": false
          },
          "sensitive_attributes": [],
          "private": "eyJzY2hlbWFfdmVyc2lvbiI6IjEifQ=="
        }
      ]
    }
  ],
  "check_results": null
}
